
Microsoft Visual Studio Solution File, Format Version 12.00
# Visual Studio Version 16
VisualStudioVersion = 16.0.29728.190
MinimumVisualStudioVersion = 10.0.40219.1
Project("{FAE04EC0-301F-11D3-BF4B-00C04F79EFBC}") = "KindaEpicConversionsDoe", "KindaEpicConversionsDoe\KindaEpicConversionsDoe.csproj", "{C234472D-DFC5-4C96-A14F-B2CD99D89DC2}"
EndProject
Global
	GlobalSection(SolutionConfigurationPlatforms) = preSolution
		Debug|Any CPU = Debug|Any CPU
		Release|Any CPU = Release|Any CPU
	EndGlobalSection
	GlobalSection(ProjectConfigurationPlatforms) = postSolution
		{C234472D-DFC5-4C96-A14F-B2CD99D89DC2}.Debug|Any CPU.ActiveCfg = Debug|Any CPU
		{C234472D-DFC5-4C96-A14F-B2CD99D89DC2}.Debug|Any CPU.Build.0 = Debug|Any CPU
		{C234472D-DFC5-4C96-A14F-B2CD99D89DC2}.Release|Any CPU.ActiveCfg = Release|Any CPU
		{C234472D-DFC5-4C96-A14F-B2CD99D89DC2}.Release|Any CPU.Build.0 = Release|Any CPU
	EndGlobalSection
	GlobalSection(SolutionProperties) = preSolution
		HideSolutionNode = FALSE
	EndGlobalSection
	GlobalSection(ExtensibilityGlobals) = postSolution
		SolutionGuid = {CF74AF0B-4676-4DF4-8C02-31A43B8376F1}
	EndGlobalSection
EndGlobal
